# THIS IS AN AUTOGENERATED FILE. DO NOT EDIT THIS FILE DIRECTLY.
# yarn lockfile v1


"@babel/runtime@^7.13.16", "@babel/runtime@^7.5.5", "@babel/runtime@^7.6.2", "@babel/runtime@^7.6.3", "@babel/runtime@^7.8.7":
  version "7.16.3"
  resolved "https://registry.yarnpkg.com/@babel/runtime/-/runtime-7.16.3.tgz#b86f0db02a04187a3c17caa77de69840165d42d5"
  integrity sha512-WBwekcqacdY2e9AF/Q7WLFUWmdJGJTkbjqTjoMDgXkVZ3ZRUvOPsLb5KdwISoQVsbP+DQzVZW4Zhci0DvpbNTQ==
  dependencies:
    regenerator-runtime "^0.13.4"

"@babel/runtime@^7.17.2":
  version "7.17.2"
  resolved "https://registry.yarnpkg.com/@babel/runtime/-/runtime-7.17.2.tgz#66f68591605e59da47523c631416b18508779941"
  integrity sha512-hzeyJyMA1YGdJTuWU0e/j4wKXrU4OMFvY2MSlaI9B7VQb0r5cxTE3EAIS2Q7Tn2RIcDkRvTA/v2JsAEhxe99uw==
  dependencies:
    regenerator-runtime "^0.13.4"

"@next/env@12.1.5":
  version "12.1.5"
  resolved "https://registry.yarnpkg.com/@next/env/-/env-12.1.5.tgz#a21ba6708022d630402ca2b340316e69a0296dfc"
  integrity sha512-+34yUJslfJi7Lyx6ELuN8nWcOzi27izfYnZIC1Dqv7kmmfiBVxgzR3BXhlvEMTKC2IRJhXVs2FkMY+buQe3k7Q==

"@next/swc-android-arm-eabi@12.1.5":
  version "12.1.5"
  resolved "https://registry.yarnpkg.com/@next/swc-android-arm-eabi/-/swc-android-arm-eabi-12.1.5.tgz#36729ab3dfd7743e82cfe536b43254dcb146620c"
  integrity sha512-SKnGTdYcoN04Y2DvE0/Y7/MjkA+ltsmbuH/y/hR7Ob7tsj+8ZdOYuk+YvW1B8dY20nDPHP58XgDTSm2nA8BzzA==

"@next/swc-android-arm64@12.1.5":
  version "12.1.5"
  resolved "https://registry.yarnpkg.com/@next/swc-android-arm64/-/swc-android-arm64-12.1.5.tgz#52578f552305c92d0b9b81d603c9643fb71e0835"
  integrity sha512-YXiqgQ/9Rxg1dXp6brXbeQM1JDx9SwUY/36JiE+36FXqYEmDYbxld9qkX6GEzkc5rbwJ+RCitargnzEtwGW0mw==

"@next/swc-darwin-arm64@12.1.5":
  version "12.1.5"
  resolved "https://registry.yarnpkg.com/@next/swc-darwin-arm64/-/swc-darwin-arm64-12.1.5.tgz#3d5b53211484c72074f4975ba0ec2b1107db300e"
  integrity sha512-y8mhldb/WFZ6lFeowkGfi0cO/lBdiBqDk4T4LZLvCpoQp4Or/NzUN6P5NzBQZ5/b4oUHM/wQICEM+1wKA4qIVw==

"@next/swc-darwin-x64@12.1.5":
  version "12.1.5"
  resolved "https://registry.yarnpkg.com/@next/swc-darwin-x64/-/swc-darwin-x64-12.1.5.tgz#adcabb732d226453777c0d37d58eaff9328b66fd"
  integrity sha512-wqJ3X7WQdTwSGi0kIDEmzw34QHISRIQ5uvC+VXmsIlCPFcMA+zM5723uh8NfuKGquDMiEMS31a83QgkuHMYbwQ==

"@next/swc-linux-arm-gnueabihf@12.1.5":
  version "12.1.5"
  resolved "https://registry.yarnpkg.com/@next/swc-linux-arm-gnueabihf/-/swc-linux-arm-gnueabihf-12.1.5.tgz#82a7cde67482b756bc65fbebf1dfa8a782074e93"
  integrity sha512-WnhdM5duONMvt2CncAl+9pim0wBxDS2lHoo7ub/o/i1bRbs11UTzosKzEXVaTDCUkCX2c32lIDi1WcN2ZPkcdw==

"@next/swc-linux-arm64-gnu@12.1.5":
  version "12.1.5"
  resolved "https://registry.yarnpkg.com/@next/swc-linux-arm64-gnu/-/swc-linux-arm64-gnu-12.1.5.tgz#f82ca014504950aab751e81f467492e9be0bad5d"
  integrity sha512-Jq2H68yQ4bLUhR/XQnbw3LDW0GMQn355qx6rU36BthDLeGue7YV7MqNPa8GKvrpPocEMW77nWx/1yI6w6J07gw==

"@next/swc-linux-arm64-musl@12.1.5":
  version "12.1.5"
  resolved "https://registry.yarnpkg.com/@next/swc-linux-arm64-musl/-/swc-linux-arm64-musl-12.1.5.tgz#f811ec9f4b12a978426c284c95ab2f515ddf7f9e"
  integrity sha512-KgPjwdbhDqXI7ghNN8V/WAiLquc9Ebe8KBrNNEL0NQr+yd9CyKJ6KqjayVkmX+hbHzbyvbui/5wh/p3CZQ9xcQ==

"@next/swc-linux-x64-gnu@12.1.5":
  version "12.1.5"
  resolved "https://registry.yarnpkg.com/@next/swc-linux-x64-gnu/-/swc-linux-x64-gnu-12.1.5.tgz#d44857257e6d20dc841998951d584ab1f25772c3"
  integrity sha512-O2ErUTvCJ6DkNTSr9pbu1n3tcqykqE/ebty1rwClzIYdOgpB3T2MfEPP+K7GhUR87wmN/hlihO9ch7qpVFDGKw==

"@next/swc-linux-x64-musl@12.1.5":
  version "12.1.5"
  resolved "https://registry.yarnpkg.com/@next/swc-linux-x64-musl/-/swc-linux-x64-musl-12.1.5.tgz#3cc523abadc9a2a6de680593aff06e71cc29ecef"
  integrity sha512-1eIlZmlO/VRjxxzUBcVosf54AFU3ltAzHi+BJA+9U/lPxCYIsT+R4uO3QksRzRjKWhVQMRjEnlXyyq5SKJm7BA==

"@next/swc-win32-arm64-msvc@12.1.5":
  version "12.1.5"
  resolved "https://registry.yarnpkg.com/@next/swc-win32-arm64-msvc/-/swc-win32-arm64-msvc-12.1.5.tgz#c62232d869f1f9b22e8f24e4e7f05307c20f30ca"
  integrity sha512-oromsfokbEuVb0CBLLE7R9qX3KGXucZpsojLpzUh1QJjuy1QkrPJncwr8xmWQnwgtQ6ecMWXgXPB+qtvizT9Tw==

"@next/swc-win32-ia32-msvc@12.1.5":
  version "12.1.5"
  resolved "https://registry.yarnpkg.com/@next/swc-win32-ia32-msvc/-/swc-win32-ia32-msvc-12.1.5.tgz#2bd9b28a9ba730d12a493e7d9d18e150fe89d496"
  integrity sha512-a/51L5KzBpeZSW9LbekMo3I3Cwul+V+QKwbEIMA+Qwb2qrlcn1L9h3lt8cHqNTFt2y72ce6aTwDTw1lyi5oIRA==

"@next/swc-win32-x64-msvc@12.1.5":
  version "12.1.5"
  resolved "https://registry.yarnpkg.com/@next/swc-win32-x64-msvc/-/swc-win32-x64-msvc-12.1.5.tgz#02f377e4d41eaaacf265e34bab9bacd8efc4a351"
  integrity sha512-/SoXW1Ntpmpw3AXAzfDRaQidnd8kbZ2oSni8u5z0yw6t4RwJvmdZy1eOaAADRThWKV+2oU90++LSnXJIwBRWYQ==

"@popperjs/core@^2.10.1":
  version "2.11.0"
  resolved "https://registry.yarnpkg.com/@popperjs/core/-/core-2.11.0.tgz#6734f8ebc106a0860dff7f92bf90df193f0935d7"
  integrity sha512-zrsUxjLOKAzdewIDRWy9nsV1GQsKBCWaGwsZQlCgr6/q+vjyZhFgqedLfFBuI9anTPEUT4APq9Mu0SZBTzIcGQ==

"@popperjs/core@^2.9.2":
  version "2.11.2"
  resolved "https://registry.yarnpkg.com/@popperjs/core/-/core-2.11.2.tgz#830beaec4b4091a9e9398ac50f865ddea52186b9"
  integrity sha512-92FRmppjjqz29VMJ2dn+xdyXZBrMlE42AV6Kq6BwjWV7CNUW1hs2FtxSNLQE+gJhaZ6AAmYuO9y8dshhcBl7vA==

"@react-aria/ssr@^3.0.1":
  version "3.1.0"
  resolved "https://registry.yarnpkg.com/@react-aria/ssr/-/ssr-3.1.0.tgz#b7163e6224725c30121932a8d1422ef91d1fab22"
  integrity sha512-RxqQKmE8sO7TGdrcSlHTcVzMP450hqowtBSd2bBS9oPlcokVkaGq28c3Rwa8ty5ctw4EBCjXqjP7xdcKMGDzug==
  dependencies:
    "@babel/runtime" "^7.6.2"

"@restart/hooks@^0.4.0":
  version "0.4.1"
  resolved "https://registry.yarnpkg.com/@restart/hooks/-/hooks-0.4.1.tgz#716b1fd7a67650a6d4ed441b5d704b4f73ca2612"
  integrity sha512-87UMGZcFwbj0Gr+8eEBAzL6H8xF5pMwq/S3LWeFK9cg4+lTqLFMsiVQFT4ncMJzqgpdD7T6ktF8PsEHeN2O+MQ==
  dependencies:
    dequal "^2.0.2"

"@restart/hooks@^0.4.6":
  version "0.4.6"
  resolved "https://registry.yarnpkg.com/@restart/hooks/-/hooks-0.4.6.tgz#15dcf34631a618c513efc924705c7cbe349a4a0c"
  integrity sha512-FzpEzy6QeLB3OpUrC9OQD/lWCluQmilLfRGa/DqbB6OmV05AEt/0Lgn3Jf6l27UIJMK0qFmNcps6p8DNLXa6Pw==
  dependencies:
    dequal "^2.0.2"

"@restart/ui@^1.2.0":
  version "1.2.0"
  resolved "https://registry.yarnpkg.com/@restart/ui/-/ui-1.2.0.tgz#fb90251aa25f99b41ccedc78a91d2a15f3c5e0fb"
  integrity sha512-oIh2t3tG8drZtZ9SlaV5CY6wGsUViHk8ZajjhcI+74IQHyWy+AnxDv8rJR5wVgsgcgrPBUvGNkC1AEdcGNPaLQ==
  dependencies:
    "@babel/runtime" "^7.13.16"
    "@popperjs/core" "^2.10.1"
    "@react-aria/ssr" "^3.0.1"
    "@restart/hooks" "^0.4.0"
    "@types/warning" "^3.0.0"
    dequal "^2.0.2"
    dom-helpers "^5.2.0"
    uncontrollable "^7.2.1"
    warning "^4.0.3"

"@types/bootstrap@5.1.10":
  version "5.1.10"
  resolved "https://registry.yarnpkg.com/@types/bootstrap/-/bootstrap-5.1.10.tgz#36d1623fe2500eb1443b740d86215fd3e9b4889d"
  integrity sha512-N93bSEnlUuRkzZim83hE36dIExrXf+6NlUQRJfOfT7N9kk53j6UtMNXG4TgCUACsmc7XVPwtnJyGVfSrD2KvOA==
  dependencies:
    "@popperjs/core" "^2.9.2"
    "@types/jquery" "*"

"@types/invariant@^2.2.35":
  version "2.2.35"
  resolved "https://registry.yarnpkg.com/@types/invariant/-/invariant-2.2.35.tgz#cd3ebf581a6557452735688d8daba6cf0bd5a3be"
  integrity sha512-DxX1V9P8zdJPYQat1gHyY0xj3efl8gnMVjiM9iCY6y27lj+PoQWkgjt8jDqmovPqULkKVpKRg8J36iQiA+EtEg==

"@types/jquery@*":
  version "3.5.1"
  resolved "https://registry.yarnpkg.com/@types/jquery/-/jquery-3.5.1.tgz#cebb057acf5071c40e439f30e840c57a30d406c3"
  integrity sha512-Tyctjh56U7eX2b9udu3wG853ASYP0uagChJcQJXLUXEU6C/JiW5qt5dl8ao01VRj1i5pgXPAf8f1mq4+FDLRQg==
  dependencies:
    "@types/sizzle" "*"

"@types/node@16.11.27":
  version "16.11.27"
  resolved "https://registry.yarnpkg.com/@types/node/-/node-16.11.27.tgz#5da19383bdbeda99bc0d09cfbb88cab7297ebc51"
  integrity sha512-C1pD3kgLoZ56Uuy5lhfOxie4aZlA3UMGLX9rXteq4WitEZH6Rl80mwactt9QG0w0gLFlN/kLBTFnGXtDVWvWQw==

"@types/prop-types@*":
  version "15.7.3"
  resolved "https://registry.yarnpkg.com/@types/prop-types/-/prop-types-15.7.3.tgz#2ab0d5da2e5815f94b0b9d4b95d1e5f243ab2ca7"
  integrity sha512-KfRL3PuHmqQLOG+2tGpRO26Ctg+Cq1E01D2DMriKEATHgWLfeNDmq9e29Q9WIky0dQ3NPkd1mzYH8Lm936Z9qw==

"@types/prop-types@^15.7.4":
  version "15.7.4"
  resolved "https://registry.yarnpkg.com/@types/prop-types/-/prop-types-15.7.4.tgz#fcf7205c25dff795ee79af1e30da2c9790808f11"
  integrity sha512-rZ5drC/jWjrArrS8BR6SIr4cWpW09RNTYt9AMZo3Jwwif+iacXAqgVjm0B0Bv/S1jhDXKHqRVNCbACkJ89RAnQ==

"@types/react-dom@18.0.1":
  version "18.0.1"
  resolved "https://registry.yarnpkg.com/@types/react-dom/-/react-dom-18.0.1.tgz#cb3cc10ea91141b12c71001fede1017acfbce4db"
  integrity sha512-jCwTXvHtRLiyVvKm9aEdHXs8rflVOGd5Sl913JZrPshfXjn8NYsTNZOz70bCsA31IR0TOqwi3ad+X4tSCBoMTw==
  dependencies:
    "@types/react" "*"

"@types/react-transition-group@^4.4.4":
  version "4.4.4"
  resolved "https://registry.yarnpkg.com/@types/react-transition-group/-/react-transition-group-4.4.4.tgz#acd4cceaa2be6b757db61ed7b432e103242d163e"
  integrity sha512-7gAPz7anVK5xzbeQW9wFBDg7G++aPLAFY0QaSMOou9rJZpbuI58WAuJrgu+qR92l61grlnCUe7AFX8KGahAgug==
  dependencies:
    "@types/react" "*"

"@types/react@*":
  version "16.9.49"
  resolved "https://registry.yarnpkg.com/@types/react/-/react-16.9.49.tgz#09db021cf8089aba0cdb12a49f8021a69cce4872"
  integrity sha512-DtLFjSj0OYAdVLBbyjhuV9CdGVHCkHn2R+xr3XkBvK2rS1Y1tkc14XSGjYgm5Fjjr90AxH9tiSzc1pCFMGO06g==
  dependencies:
    "@types/prop-types" "*"
    csstype "^3.0.2"

"@types/react@18.0.5":
  version "18.0.5"
  resolved "https://registry.yarnpkg.com/@types/react/-/react-18.0.5.tgz#1a4d4b705ae6af5aed369dec22800b20f89f5301"
  integrity sha512-UPxNGInDCIKlfqBrm8LDXYWNfLHwIdisWcsH5GpMyGjhEDLFgTtlRBaoWuCua9HcyuE0rMkmAeZ3FXV1pYLIYQ==
  dependencies:
    "@types/prop-types" "*"
    "@types/scheduler" "*"
    csstype "^3.0.2"

"@types/react@>=16.14.8":
  version "17.0.9"
  resolved "https://registry.yarnpkg.com/@types/react/-/react-17.0.9.tgz#1147fb520024a62c9b3841f5cb4db89b73ddb87f"
  integrity sha512-2Cw7FvevpJxQrCb+k5t6GH1KIvmadj5uBbjPaLlJB/nZWUj56e1ZqcD6zsoMFB47MsJUTFl9RJ132A7hb3QFJA==
  dependencies:
    "@types/prop-types" "*"
    "@types/scheduler" "*"
    csstype "^3.0.2"

"@types/react@>=16.9.11":
  version "17.0.3"
  resolved "https://registry.yarnpkg.com/@types/react/-/react-17.0.3.tgz#ba6e215368501ac3826951eef2904574c262cc79"
  integrity sha512-wYOUxIgs2HZZ0ACNiIayItyluADNbONl7kt8lkLjVK8IitMH5QMyAh75Fwhmo37r1m7L2JaFj03sIfxBVDvRAg==
  dependencies:
    "@types/prop-types" "*"
    "@types/scheduler" "*"
    csstype "^3.0.2"

"@types/scheduler@*":
  version "0.16.1"
  resolved "https://registry.yarnpkg.com/@types/scheduler/-/scheduler-0.16.1.tgz#18845205e86ff0038517aab7a18a62a6b9f71275"
  integrity sha512-EaCxbanVeyxDRTQBkdLb3Bvl/HK7PBK6UJjsSixB0iHKoWxE5uu2Q/DgtpOhPIojN0Zl1whvOd7PoHs2P0s5eA==

"@types/sizzle@*":
  version "2.3.2"
  resolved "https://registry.yarnpkg.com/@types/sizzle/-/sizzle-2.3.2.tgz#a811b8c18e2babab7d542b3365887ae2e4d9de47"
  integrity sha512-7EJYyKTL7tFR8+gDbB6Wwz/arpGa0Mywk1TJbNzKzHtzbwVmY4HR9WqS5VV7dsBUKQmPNr192jHr/VpBluj/hg==

"@types/warning@^3.0.0":
  version "3.0.0"
  resolved "https://registry.yarnpkg.com/@types/warning/-/warning-3.0.0.tgz#0d2501268ad8f9962b740d387c4654f5f8e23e52"
  integrity sha1-DSUBJorY+ZYrdA04fEZU9fjiPlI=

bootstrap@5.1.3:
  version "5.1.3"
  resolved "https://registry.yarnpkg.com/bootstrap/-/bootstrap-5.1.3.tgz#ba081b0c130f810fa70900acbc1c6d3c28fa8f34"
  integrity sha512-fcQztozJ8jToQWXxVuEyXWW+dSo8AiXWKwiSSrKWsRB/Qt+Ewwza+JWoLKiTuQLaEPhdNAJ7+Dosc9DOIqNy7Q==

caniuse-lite@^1.0.30001283:
  version "1.0.30001299"
  resolved "https://registry.yarnpkg.com/caniuse-lite/-/caniuse-lite-1.0.30001299.tgz#d753bf6444ed401eb503cbbe17aa3e1451b5a68c"
  integrity sha512-iujN4+x7QzqA2NCSrS5VUy+4gLmRd4xv6vbBBsmfVqTx8bLAD8097euLqQgKxSVLvxjSDcvF1T/i9ocgnUFexw==

classnames@^2.3.1:
  version "2.3.1"
  resolved "https://registry.yarnpkg.com/classnames/-/classnames-2.3.1.tgz#dfcfa3891e306ec1dad105d0e88f4417b8535e8e"
  integrity sha512-OlQdbZ7gLfGarSqxesMesDa5uz7KFbID8Kpq/SxIoNGDqY8lSYs0D+hhtBXhcdB3rcbXArFr7vlHheLk1voeNA==

csstype@^3.0.2:
  version "3.0.3"
  resolved "https://registry.yarnpkg.com/csstype/-/csstype-3.0.3.tgz#2b410bbeba38ba9633353aff34b05d9755d065f8"
  integrity sha512-jPl+wbWPOWJ7SXsWyqGRk3lGecbar0Cb0OvZF/r/ZU011R4YqiRehgkQ9p4eQfo9DSDLqLL3wHwfxeJiuIsNag==

dequal@^2.0.2:
  version "2.0.2"
  resolved "https://registry.yarnpkg.com/dequal/-/dequal-2.0.2.tgz#85ca22025e3a87e65ef75a7a437b35284a7e319d"
  integrity sha512-q9K8BlJVxK7hQYqa6XISGmBZbtQQWVXSrRrWreHC94rMt1QL/Impruc+7p2CYSYuVIUr+YCt6hjrs1kkdJRTug==

dom-helpers@^5.0.1, dom-helpers@^5.2.0:
  version "5.2.0"
  resolved "https://registry.yarnpkg.com/dom-helpers/-/dom-helpers-5.2.0.tgz#57fd054c5f8f34c52a3eeffdb7e7e93cd357d95b"
  integrity sha512-Ru5o9+V8CpunKnz5LGgWXkmrH/20cGKwcHwS4m73zIvs54CN9epEmT/HLqFJW3kXpakAFkEdzgy1hzlJe3E4OQ==
  dependencies:
    "@babel/runtime" "^7.8.7"
    csstype "^3.0.2"

dom-helpers@^5.2.1:
  version "5.2.1"
  resolved "https://registry.yarnpkg.com/dom-helpers/-/dom-helpers-5.2.1.tgz#d9400536b2bf8225ad98fe052e029451ac40e902"
  integrity sha512-nRCa7CK3VTrM2NmGkIy4cbK7IZlgBE/PYMn55rrXefr5xXDP0LdtfPnblFDoVdcAfslJ7or6iqAUnx0CCGIWQA==
  dependencies:
    "@babel/runtime" "^7.8.7"
    csstype "^3.0.2"

invariant@^2.2.4:
  version "2.2.4"
  resolved "https://registry.yarnpkg.com/invariant/-/invariant-2.2.4.tgz#610f3c92c9359ce1db616e538008d23ff35158e6"
  integrity sha512-phJfQVBuaJM5raOpJjSfkiD6BpbCE4Ns//LaXl6wGYtUBY83nWS6Rf9tXm2e8VaK60JEjYldbPif/A2B1C2gNA==
  dependencies:
    loose-envify "^1.0.0"

"js-tokens@^3.0.0 || ^4.0.0":
  version "4.0.0"
  resolved "https://registry.yarnpkg.com/js-tokens/-/js-tokens-4.0.0.tgz#19203fb59991df98e3a287050d4647cdeaf32499"
  integrity sha512-RdJUflcE3cUzKiMqQgsCu06FPu9UdIJO0beYbPhHN4k6apgJtifcoCtT9bcxOpYBtpD2kCM6Sbzg4CausW/PKQ==

loose-envify@^1.0.0, loose-envify@^1.1.0, loose-envify@^1.4.0:
  version "1.4.0"
  resolved "https://registry.yarnpkg.com/loose-envify/-/loose-envify-1.4.0.tgz#71ee51fa7be4caec1a63839f7e682d8132d30caf"
  integrity sha512-lyuxPGr/Wfhrlem2CL/UcnUc1zcqKAImBDzukY7Y5F/yQiNdko6+fRLevlw1HgMySw7f611UIY408EtxRSoK3Q==
  dependencies:
    js-tokens "^3.0.0 || ^4.0.0"

nanoid@^3.1.30:
  version "3.2.0"
  resolved "https://registry.yarnpkg.com/nanoid/-/nanoid-3.2.0.tgz#62667522da6673971cca916a6d3eff3f415ff80c"
  integrity sha512-fmsZYa9lpn69Ad5eDn7FMcnnSR+8R34W9qJEijxYhTbfOWzr22n1QxCMzXLK+ODyW2973V3Fux959iQoUxzUIA==

next-seo@5.4.0:
  version "5.4.0"
  resolved "https://registry.yarnpkg.com/next-seo/-/next-seo-5.4.0.tgz#37a7784b30b3f70cec3fa0d77f9dde5990822d24"
  integrity sha512-R9DhajPwJnR/lsF2hZ8cN8uqr5CVITsRrCG1AF5+ufcaybKYOvnH8sH9MaH4/hpkps3PQ9H71S7J7SPYixAYzQ==

next@12.1.5:
  version "12.1.5"
  resolved "https://registry.yarnpkg.com/next/-/next-12.1.5.tgz#7a07687579ddce61ee519493e1c178d83abac063"
  integrity sha512-YGHDpyfgCfnT5GZObsKepmRnne7Kzp7nGrac07dikhutWQug7hHg85/+sPJ4ZW5Q2pDkb+n0FnmLkmd44htIJQ==
  dependencies:
    "@next/env" "12.1.5"
    caniuse-lite "^1.0.30001283"
    postcss "8.4.5"
    styled-jsx "5.0.1"
  optionalDependencies:
    "@next/swc-android-arm-eabi" "12.1.5"
    "@next/swc-android-arm64" "12.1.5"
    "@next/swc-darwin-arm64" "12.1.5"
    "@next/swc-darwin-x64" "12.1.5"
    "@next/swc-linux-arm-gnueabihf" "12.1.5"
    "@next/swc-linux-arm64-gnu" "12.1.5"
    "@next/swc-linux-arm64-musl" "12.1.5"
    "@next/swc-linux-x64-gnu" "12.1.5"
    "@next/swc-linux-x64-musl" "12.1.5"
    "@next/swc-win32-arm64-msvc" "12.1.5"
    "@next/swc-win32-ia32-msvc" "12.1.5"
    "@next/swc-win32-x64-msvc" "12.1.5"

object-assign@^4.1.1:
  version "4.1.1"
  resolved "https://registry.yarnpkg.com/object-assign/-/object-assign-4.1.1.tgz#2109adc7965887cfc05cbbd442cac8bfbb360863"
  integrity sha1-IQmtx5ZYh8/AXLvUQsrIv7s2CGM=

picocolors@^1.0.0:
  version "1.0.0"
  resolved "https://registry.yarnpkg.com/picocolors/-/picocolors-1.0.0.tgz#cb5bdc74ff3f51892236eaf79d68bc44564ab81c"
  integrity sha512-1fygroTLlHu66zi26VoTDv8yRgm0Fccecssto+MhsZ0D/DGW2sm8E8AjW7NU5VVTRt5GxbeZ5qBuJr+HyLYkjQ==

postcss@8.4.5:
  version "8.4.5"
  resolved "https://registry.yarnpkg.com/postcss/-/postcss-8.4.5.tgz#bae665764dfd4c6fcc24dc0fdf7e7aa00cc77f95"
  integrity sha512-jBDboWM8qpaqwkMwItqTQTiFikhs/67OYVvblFFTM7MrZjt6yMKd6r2kgXizEbTTljacm4NldIlZnhbjr84QYg==
  dependencies:
    nanoid "^3.1.30"
    picocolors "^1.0.0"
    source-map-js "^1.0.1"

prettier@2.6.2:
  version "2.6.2"
  resolved "https://registry.yarnpkg.com/prettier/-/prettier-2.6.2.tgz#e26d71a18a74c3d0f0597f55f01fb6c06c206032"
  integrity sha512-PkUpF+qoXTqhOeWL9fu7As8LXsIUZ1WYaJiY/a7McAQzxjk82OF0tibkFXVCDImZtWxbvojFjerkiLb0/q8mew==

prop-types-extra@^1.1.0:
  version "1.1.1"
  resolved "https://registry.yarnpkg.com/prop-types-extra/-/prop-types-extra-1.1.1.tgz#58c3b74cbfbb95d304625975aa2f0848329a010b"
  integrity sha512-59+AHNnHYCdiC+vMwY52WmvP5dM3QLeoumYuEyceQDi9aEhtwN9zIQ2ZNo25sMyXnbh32h+P1ezDsUpUH3JAew==
  dependencies:
    react-is "^16.3.2"
    warning "^4.0.0"

prop-types@^15.6.2:
  version "15.7.2"
  resolved "https://registry.yarnpkg.com/prop-types/-/prop-types-15.7.2.tgz#52c41e75b8c87e72b9d9360e0206b99dcbffa6c5"
  integrity sha512-8QQikdH7//R2vurIJSutZ1smHYTcLpRWEOlHnzcWHmBYrOGUysKwSsrC89BCiFj3CbrfJ/nXFdJepOVrY1GCHQ==
  dependencies:
    loose-envify "^1.4.0"
    object-assign "^4.1.1"
    react-is "^16.8.1"

prop-types@^15.8.1:
  version "15.8.1"
  resolved "https://registry.yarnpkg.com/prop-types/-/prop-types-15.8.1.tgz#67d87bf1a694f48435cf332c24af10214a3140b5"
  integrity sha512-oj87CgZICdulUohogVAR7AjlC0327U4el4L6eAvOqCeudMDVU0NThNaV+b9Df4dXgSP1gXMTnPdhfe/2qDH5cg==
  dependencies:
    loose-envify "^1.4.0"
    object-assign "^4.1.1"
    react-is "^16.13.1"

react-bootstrap@2.2.3:
  version "2.2.3"
  resolved "https://registry.yarnpkg.com/react-bootstrap/-/react-bootstrap-2.2.3.tgz#1c563018c8b856071334dd5a35f25507185136e2"
  integrity sha512-gXsAEBdDUHnOpJ2C+DDQ4mFt7tN6u6qWnTH3tqiE9jUvV6gGY8uHFp0iGBsM+yjrBwmR6bqCBFh8Z82aQj1LSw==
  dependencies:
    "@babel/runtime" "^7.17.2"
    "@restart/hooks" "^0.4.6"
    "@restart/ui" "^1.2.0"
    "@types/invariant" "^2.2.35"
    "@types/prop-types" "^15.7.4"
    "@types/react" ">=16.14.8"
    "@types/react-transition-group" "^4.4.4"
    "@types/warning" "^3.0.0"
    classnames "^2.3.1"
    dom-helpers "^5.2.1"
    invariant "^2.2.4"
    prop-types "^15.8.1"
    prop-types-extra "^1.1.0"
    react-transition-group "^4.4.2"
    uncontrollable "^7.2.1"
    warning "^4.0.3"

react-dom@18.0.0:
  version "18.0.0"
  resolved "https://registry.yarnpkg.com/react-dom/-/react-dom-18.0.0.tgz#26b88534f8f1dbb80853e1eabe752f24100d8023"
  integrity sha512-XqX7uzmFo0pUceWFCt7Gff6IyIMzFUn7QMZrbrQfGxtaxXZIcGQzoNpRLE3fQLnS4XzLLPMZX2T9TRcSrasicw==
  dependencies:
    loose-envify "^1.1.0"
    scheduler "^0.21.0"

react-is@^16.13.1, react-is@^16.3.2, react-is@^16.8.1:
  version "16.13.1"
  resolved "https://registry.yarnpkg.com/react-is/-/react-is-16.13.1.tgz#789729a4dc36de2999dc156dd6c1d9c18cea56a4"
  integrity sha512-24e6ynE2H+OKt4kqsOvNd8kBpV65zoxbA4BVsEOB3ARVWQki/DHzaUoC5KuON/BiccDaCCTZBuOcfZs70kR8bQ==

react-lifecycles-compat@^3.0.4:
  version "3.0.4"
  resolved "https://registry.yarnpkg.com/react-lifecycles-compat/-/react-lifecycles-compat-3.0.4.tgz#4f1a273afdfc8f3488a8c516bfda78f872352362"
  integrity sha512-fBASbA6LnOU9dOU2eW7aQ8xmYBSXUIWr+UmF9b1efZBazGNO+rcXT/icdKnYm2pTwcRylVUYwW7H1PHfLekVzA==

react-lite-youtube-embed@2.2.1:
  version "2.2.1"
  resolved "https://registry.yarnpkg.com/react-lite-youtube-embed/-/react-lite-youtube-embed-2.2.1.tgz#0d21dbe977dd26142cec9b82e8da8d4ec8feb83d"
  integrity sha512-BcD1e9l3QgI+a1MhFeqCt+HoXmPIg31bwUzYdWYVfEfI7WLEA5MkDB6/XCZnkKRuSebJsFp+NV0axh9WUUGMKQ==

react-transition-group@^4.4.2:
  version "4.4.2"
  resolved "https://registry.yarnpkg.com/react-transition-group/-/react-transition-group-4.4.2.tgz#8b59a56f09ced7b55cbd53c36768b922890d5470"
  integrity sha512-/RNYfRAMlZwDSr6z4zNKV6xu53/e2BuaBbGhbyYIXTrmgu/bGHzmqOs7mJSJBHy9Ud+ApHx3QjrkKSp1pxvlFg==
  dependencies:
    "@babel/runtime" "^7.5.5"
    dom-helpers "^5.0.1"
    loose-envify "^1.4.0"
    prop-types "^15.6.2"

react@18.0.0:
  version "18.0.0"
  resolved "https://registry.yarnpkg.com/react/-/react-18.0.0.tgz#b468736d1f4a5891f38585ba8e8fb29f91c3cb96"
  integrity sha512-x+VL6wbT4JRVPm7EGxXhZ8w8LTROaxPXOqhlGyVSrv0sB1jkyFGgXxJ8LVoPRLvPR6/CIZGFmfzqUa2NYeMr2A==
  dependencies:
    loose-envify "^1.1.0"

regenerator-runtime@^0.13.4:
  version "0.13.7"
  resolved "https://registry.yarnpkg.com/regenerator-runtime/-/regenerator-runtime-0.13.7.tgz#cac2dacc8a1ea675feaabaeb8ae833898ae46f55"
  integrity sha512-a54FxoJDIr27pgf7IgeQGxmqUNYrcV338lf/6gH456HZ/PhX+5BcwHXG9ajESmwe6WRO0tAzRUrRmNONWgkrew==

scheduler@^0.21.0:
  version "0.21.0"
  resolved "https://registry.yarnpkg.com/scheduler/-/scheduler-0.21.0.tgz#6fd2532ff5a6d877b6edb12f00d8ab7e8f308820"
  integrity sha512-1r87x5fz9MXqswA2ERLo0EbOAU74DpIUO090gIasYTqlVoJeMcl+Z1Rg7WHz+qtPujhS/hGIt9kxZOYBV3faRQ==
  dependencies:
    loose-envify "^1.1.0"

source-map-js@^1.0.1:
  version "1.0.2"
  resolved "https://registry.yarnpkg.com/source-map-js/-/source-map-js-1.0.2.tgz#adbc361d9c62df380125e7f161f71c826f1e490c"
  integrity sha512-R0XvVJ9WusLiqTCEiGCmICCMplcCkIwwR11mOSD9CR5u+IXYdiseeEuXCVAjS54zqwkLcPNnmU4OeJ6tUrWhDw==

styled-jsx@5.0.1:
  version "5.0.1"
  resolved "https://registry.yarnpkg.com/styled-jsx/-/styled-jsx-5.0.1.tgz#78fecbbad2bf95ce6cd981a08918ce4696f5fc80"
  integrity sha512-+PIZ/6Uk40mphiQJJI1202b+/dYeTVd9ZnMPR80pgiWbjIwvN2zIp4r9et0BgqBuShh48I0gttPlAXA7WVvBxw==

typescript@4.6.3:
  version "4.6.3"
  resolved "https://registry.yarnpkg.com/typescript/-/typescript-4.6.3.tgz#eefeafa6afdd31d725584c67a0eaba80f6fc6c6c"
  integrity sha512-yNIatDa5iaofVozS/uQJEl3JRWLKKGJKh6Yaiv0GLGSuhpFJe7P3SbHZ8/yjAHRQwKRoA6YZqlfjXWmVzoVSMw==

uncontrollable@^7.2.1:
  version "7.2.1"
  resolved "https://registry.yarnpkg.com/uncontrollable/-/uncontrollable-7.2.1.tgz#1fa70ba0c57a14d5f78905d533cf63916dc75738"
  integrity sha512-svtcfoTADIB0nT9nltgjujTi7BzVmwjZClOmskKu/E8FW9BXzg9os8OLr4f8Dlnk0rYWJIWr4wv9eKUXiQvQwQ==
  dependencies:
    "@babel/runtime" "^7.6.3"
    "@types/react" ">=16.9.11"
    invariant "^2.2.4"
    react-lifecycles-compat "^3.0.4"

warning@^4.0.0, warning@^4.0.3:
  version "4.0.3"
  resolved "https://registry.yarnpkg.com/warning/-/warning-4.0.3.tgz#16e9e077eb8a86d6af7d64aa1e05fd85b4678ca3"
  integrity sha512-rpJyN222KWIvHJ/F53XSZv0Zl/accqHR8et1kpaMTD/fLCRxtV8iX8czMzY7sVZupTI3zcUTg8eycS2kNF9l6w==
  dependencies:
    loose-envify "^1.0.0"
